// !$*UTF8*$!
{
	archiveVersion = 1;
	classes = {
	};
	objectVersion = 50;
	objects = {

/* Begin PBXBuildFile section */
		7F3838502175CCF900FE9D1B /* AppDelegate.swift in Sources */ = {isa = PBXBuildFile; fileRef = 7F38384F2175CCF900FE9D1B /* AppDelegate.swift */; };
		7F3838522175CCF900FE9D1B /* ViewController.swift in Sources */ = {isa = PBXBuildFile; fileRef = 7F3838512175CCF900FE9D1B /* ViewController.swift */; };
		7F3838552175CCF900FE9D1B /* Main.storyboard in Resources */ = {isa = PBXBuildFile; fileRef = 7F3838532175CCF900FE9D1B /* Main.storyboard */; };
		7F3838572175CCFB00FE9D1B /* Assets.xcassets in Resources */ = {isa = PBXBuildFile; fileRef = 7F3838562175CCFB00FE9D1B /* Assets.xcassets */; };
		7F38385A2175CCFB00FE9D1B /* LaunchScreen.storyboard in Resources */ = {isa = PBXBuildFile; fileRef = 7F3838582175CCFB00FE9D1B /* LaunchScreen.storyboard */; };
		7F3838652175CCFB00FE9D1B /* CinemaTests.swift in Sources */ = {isa = PBXBuildFile; fileRef = 7F3838642175CCFB00FE9D1B /* CinemaTests.swift */; };
		7F3838702175CCFB00FE9D1B /* CinemaUITests.swift in Sources */ = {isa = PBXBuildFile; fileRef = 7F38386F2175CCFB00FE9D1B /* CinemaUITests.swift */; };
		962037A42175DA48003015DC /* LoginViewController.swift in Sources */ = {isa = PBXBuildFile; fileRef = 962037A32175DA48003015DC /* LoginViewController.swift */; };
		993166722175E1DC00C583C4 /* RealmUtils.swift in Sources */ = {isa = PBXBuildFile; fileRef = 993166712175E1DC00C583C4 /* RealmUtils.swift */; };
		DFECD2FCB97DB04BDB32C46D /* Pods_Cinema.framework in Frameworks */ = {isa = PBXBuildFile; fileRef = 127939082A8F00562B31321D /* Pods_Cinema.framework */; };
/* End PBXBuildFile section */

/* Begin PBXContainerItemProxy section */
		7F3838612175CCFB00FE9D1B /* PBXContainerItemProxy */ = {
			isa = PBXContainerItemProxy;
			containerPortal = 7F3838442175CCF900FE9D1B /* Project object */;
			proxyType = 1;
			remoteGlobalIDString = 7F38384B2175CCF900FE9D1B;
			remoteInfo = Cinema;
		};
		7F38386C2175CCFB00FE9D1B /* PBXContainerItemProxy */ = {
			isa = PBXContainerItemProxy;
			containerPortal = 7F3838442175CCF900FE9D1B /* Project object */;
			proxyType = 1;
			remoteGlobalIDString = 7F38384B2175CCF900FE9D1B;
			remoteInfo = Cinema;
		};
/* End PBXContainerItemProxy section */

/* Begin PBXFileReference section */
		127939082A8F00562B31321D /* Pods_Cinema.framework */ = {isa = PBXFileReference; explicitFileType = wrapper.framework; includeInIndex = 0; path = Pods_Cinema.framework; sourceTree = BUILT_PRODUCTS_DIR; };
		7F38384C2175CCF900FE9D1B /* Cinema.app */ = {isa = PBXFileReference; explicitFileType = wrapper.application; includeInIndex = 0; path = Cinema.app; sourceTree = BUILT_PRODUCTS_DIR; };
		7F38384F2175CCF900FE9D1B /* AppDelegate.swift */ = {isa = PBXFileReference; lastKnownFileType = sourcecode.swift; path = AppDelegate.swift; sourceTree = "<group>"; };
		7F3838512175CCF900FE9D1B /* ViewController.swift */ = {isa = PBXFileReference; lastKnownFileType = sourcecode.swift; path = ViewController.swift; sourceTree = "<group>"; };
		7F3838542175CCF900FE9D1B /* Base */ = {isa = PBXFileReference; lastKnownFileType = file.storyboard; name = Base; path = Base.lproj/Main.storyboard; sourceTree = "<group>"; };
		7F3838562175CCFB00FE9D1B /* Assets.xcassets */ = {isa = PBXFileReference; lastKnownFileType = folder.assetcatalog; path = Assets.xcassets; sourceTree = "<group>"; };
		7F3838592175CCFB00FE9D1B /* Base */ = {isa = PBXFileReference; lastKnownFileType = file.storyboard; name = Base; path = Base.lproj/LaunchScreen.storyboard; sourceTree = "<group>"; };
		7F38385B2175CCFB00FE9D1B /* Info.plist */ = {isa = PBXFileReference; lastKnownFileType = text.plist.xml; path = Info.plist; sourceTree = "<group>"; };
		7F3838602175CCFB00FE9D1B /* CinemaTests.xctest */ = {isa = PBXFileReference; explicitFileType = wrapper.cfbundle; includeInIndex = 0; path = CinemaTests.xctest; sourceTree = BUILT_PRODUCTS_DIR; };
		7F3838642175CCFB00FE9D1B /* CinemaTests.swift */ = {isa = PBXFileReference; lastKnownFileType = sourcecode.swift; path = CinemaTests.swift; sourceTree = "<group>"; };
		7F3838662175CCFB00FE9D1B /* Info.plist */ = {isa = PBXFileReference; lastKnownFileType = text.plist.xml; path = Info.plist; sourceTree = "<group>"; };
		7F38386B2175CCFB00FE9D1B /* CinemaUITests.xctest */ = {isa = PBXFileReference; explicitFileType = wrapper.cfbundle; includeInIndex = 0; path = CinemaUITests.xctest; sourceTree = BUILT_PRODUCTS_DIR; };
		7F38386F2175CCFB00FE9D1B /* CinemaUITests.swift */ = {isa = PBXFileReference; lastKnownFileType = sourcecode.swift; path = CinemaUITests.swift; sourceTree = "<group>"; };
		7F3838712175CCFB00FE9D1B /* Info.plist */ = {isa = PBXFileReference; lastKnownFileType = text.plist.xml; path = Info.plist; sourceTree = "<group>"; };
		85D7CF8E2E5A469CB707CF4F /* Pods-Cinema.release.xcconfig */ = {isa = PBXFileReference; includeInIndex = 1; lastKnownFileType = text.xcconfig; name = "Pods-Cinema.release.xcconfig"; path = "Pods/Target Support Files/Pods-Cinema/Pods-Cinema.release.xcconfig"; sourceTree = "<group>"; };
		962037A32175DA48003015DC /* LoginViewController.swift */ = {isa = PBXFileReference; lastKnownFileType = sourcecode.swift; name = LoginViewController.swift; path = Cinema/Login/LoginViewController.swift; sourceTree = SOURCE_ROOT; };
		993166712175E1DC00C583C4 /* RealmUtils.swift */ = {isa = PBXFileReference; lastKnownFileType = sourcecode.swift; path = RealmUtils.swift; sourceTree = "<group>"; };
		DD485C7BBE6F7027F23786FB /* Pods-Cinema.debug.xcconfig */ = {isa = PBXFileReference; includeInIndex = 1; lastKnownFileType = text.xcconfig; name = "Pods-Cinema.debug.xcconfig"; path = "Pods/Target Support Files/Pods-Cinema/Pods-Cinema.debug.xcconfig"; sourceTree = "<group>"; };
/* End PBXFileReference section */

/* Begin PBXFrameworksBuildPhase section */
		7F3838492175CCF900FE9D1B /* Frameworks */ = {
			isa = PBXFrameworksBuildPhase;
			buildActionMask = 2147483647;
			files = (
				DFECD2FCB97DB04BDB32C46D /* Pods_Cinema.framework in Frameworks */,
			);
			runOnlyForDeploymentPostprocessing = 0;
		};
		7F38385D2175CCFB00FE9D1B /* Frameworks */ = {
			isa = PBXFrameworksBuildPhase;
			buildActionMask = 2147483647;
			files = (
			);
			runOnlyForDeploymentPostprocessing = 0;
		};
		7F3838682175CCFB00FE9D1B /* Frameworks */ = {
			isa = PBXFrameworksBuildPhase;
			buildActionMask = 2147483647;
			files = (
			);
			runOnlyForDeploymentPostprocessing = 0;
		};
/* End PBXFrameworksBuildPhase section */

/* Begin PBXGroup section */
		4B2AAD4E7B92585F525F33B5 /* Frameworks */ = {
			isa = PBXGroup;
			children = (
				127939082A8F00562B31321D /* Pods_Cinema.framework */,
			);
			name = Frameworks;
			sourceTree = "<group>";
		};
		5F965F2C1A257D7B359D6EC3 /* Pods */ = {
			isa = PBXGroup;
			children = (
				DD485C7BBE6F7027F23786FB /* Pods-Cinema.debug.xcconfig */,
				85D7CF8E2E5A469CB707CF4F /* Pods-Cinema.release.xcconfig */,
			);
			name = Pods;
			sourceTree = "<group>";
		};
		7F3838432175CCF900FE9D1B = {
			isa = PBXGroup;
			children = (
				7F38384E2175CCF900FE9D1B /* Cinema */,
				7F3838632175CCFB00FE9D1B /* CinemaTests */,
				7F38386E2175CCFB00FE9D1B /* CinemaUITests */,
				7F38384D2175CCF900FE9D1B /* Products */,
				5F965F2C1A257D7B359D6EC3 /* Pods */,
				4B2AAD4E7B92585F525F33B5 /* Frameworks */,
			);
			sourceTree = "<group>";
		};
		7F38384D2175CCF900FE9D1B /* Products */ = {
			isa = PBXGroup;
			children = (
				7F38384C2175CCF900FE9D1B /* Cinema.app */,
				7F3838602175CCFB00FE9D1B /* CinemaTests.xctest */,
				7F38386B2175CCFB00FE9D1B /* CinemaUITests.xctest */,
			);
			name = Products;
			sourceTree = "<group>";
		};
		7F38384E2175CCF900FE9D1B /* Cinema */ = {
			isa = PBXGroup;
			children = (
				7FFDA9172175DFE100523F76 /* Login */,
				7F38384F2175CCF900FE9D1B /* AppDelegate.swift */,
				7F3838512175CCF900FE9D1B /* ViewController.swift */,
				7F3838532175CCF900FE9D1B /* Main.storyboard */,
				7F3838562175CCFB00FE9D1B /* Assets.xcassets */,
				7F3838582175CCFB00FE9D1B /* LaunchScreen.storyboard */,
				7F38385B2175CCFB00FE9D1B /* Info.plist */,
				993166712175E1DC00C583C4 /* RealmUtils.swift */,
			);
			path = Cinema;
			sourceTree = "<group>";
		};
		7F3838632175CCFB00FE9D1B /* CinemaTests */ = {
			isa = PBXGroup;
			children = (
				7F3838642175CCFB00FE9D1B /* CinemaTests.swift */,
				7F3838662175CCFB00FE9D1B /* Info.plist */,
			);
			path = CinemaTests;
			sourceTree = "<group>";
		};
		7F38386E2175CCFB00FE9D1B /* CinemaUITests */ = {
			isa = PBXGroup;
			children = (
				7F38386F2175CCFB00FE9D1B /* CinemaUITests.swift */,
				7F3838712175CCFB00FE9D1B /* Info.plist */,
			);
			path = CinemaUITests;
			sourceTree = "<group>";
		};
		7FFDA9172175DFE100523F76 /* Login */ = {
			isa = PBXGroup;
			children = (
				962037A32175DA48003015DC /* LoginViewController.swift */,
			);
			path = Login;
			sourceTree = "<group>";
		};
/* End PBXGroup section */

/* Begin PBXNativeTarget section */
		7F38384B2175CCF900FE9D1B /* Cinema */ = {
			isa = PBXNativeTarget;
			buildConfigurationList = 7F3838742175CCFB00FE9D1B /* Build configuration list for PBXNativeTarget "Cinema" */;
			buildPhases = (
				93AD646EE99E5D8B0F2FC3BD /* [CP] Check Pods Manifest.lock */,
				7F3838482175CCF900FE9D1B /* Sources */,
				7F3838492175CCF900FE9D1B /* Frameworks */,
				7F38384A2175CCF900FE9D1B /* Resources */,
				5A412835032E75E7FDFC9E06 /* [CP] Embed Pods Frameworks */,
			);
			buildRules = (
			);
			dependencies = (
			);
			name = Cinema;
			productName = Cinema;
			productReference = 7F38384C2175CCF900FE9D1B /* Cinema.app */;
			productType = "com.apple.product-type.application";
		};
		7F38385F2175CCFB00FE9D1B /* CinemaTests */ = {
			isa = PBXNativeTarget;
			buildConfigurationList = 7F3838772175CCFB00FE9D1B /* Build configuration list for PBXNativeTarget "CinemaTests" */;
			buildPhases = (
				7F38385C2175CCFB00FE9D1B /* Sources */,
				7F38385D2175CCFB00FE9D1B /* Frameworks */,
				7F38385E2175CCFB00FE9D1B /* Resources */,
			);
			buildRules = (
			);
			dependencies = (
				7F3838622175CCFB00FE9D1B /* PBXTargetDependency */,
			);
			name = CinemaTests;
			productName = CinemaTests;
			productReference = 7F3838602175CCFB00FE9D1B /* CinemaTests.xctest */;
			productType = "com.apple.product-type.bundle.unit-test";
		};
		7F38386A2175CCFB00FE9D1B /* CinemaUITests */ = {
			isa = PBXNativeTarget;
			buildConfigurationList = 7F38387A2175CCFB00FE9D1B /* Build configuration list for PBXNativeTarget "CinemaUITests" */;
			buildPhases = (
				7F3838672175CCFB00FE9D1B /* Sources */,
				7F3838682175CCFB00FE9D1B /* Frameworks */,
				7F3838692175CCFB00FE9D1B /* Resources */,
			);
			buildRules = (
			);
			dependencies = (
				7F38386D2175CCFB00FE9D1B /* PBXTargetDependency */,
			);
			name = CinemaUITests;
			productName = CinemaUITests;
			productReference = 7F38386B2175CCFB00FE9D1B /* CinemaUITests.xctest */;
			productType = "com.apple.product-type.bundle.ui-testing";
		};
/* End PBXNativeTarget section */

/* Begin PBXProject section */
		7F3838442175CCF900FE9D1B /* Project object */ = {
			isa = PBXProject;
			attributes = {
				LastSwiftUpdateCheck = 1000;
				LastUpgradeCheck = 1000;
				ORGANIZATIONNAME = "Michele Pertile";
				TargetAttributes = {
					7F38384B2175CCF900FE9D1B = {
						CreatedOnToolsVersion = 10.0;
					};
					7F38385F2175CCFB00FE9D1B = {
						CreatedOnToolsVersion = 10.0;
						TestTargetID = 7F38384B2175CCF900FE9D1B;
					};
					7F38386A2175CCFB00FE9D1B = {
						CreatedOnToolsVersion = 10.0;
						TestTargetID = 7F38384B2175CCF900FE9D1B;
					};
				};
			};
			buildConfigurationList = 7F3838472175CCF900FE9D1B /* Build configuration list for PBXProject "Cinema" */;
			compatibilityVersion = "Xcode 9.3";
			developmentRegion = en;
			hasScannedForEncodings = 0;
			knownRegions = (
				en,
				Base,
			);
			mainGroup = 7F3838432175CCF900FE9D1B;
			productRefGroup = 7F38384D2175CCF900FE9D1B /* Products */;
			projectDirPath = "";
			projectRoot = "";
			targets = (
				7F38384B2175CCF900FE9D1B /* Cinema */,
				7F38385F2175CCFB00FE9D1B /* CinemaTests */,
				7F38386A2175CCFB00FE9D1B /* CinemaUITests */,
			);
		};
/* End PBXProject section */

/* Begin PBXResourcesBuildPhase section */
		7F38384A2175CCF900FE9D1B /* Resources */ = {
			isa = PBXResourcesBuildPhase;
			buildActionMask = 2147483647;
			files = (
				7F38385A2175CCFB00FE9D1B /* LaunchScreen.storyboard in Resources */,
				7F3838572175CCFB00FE9D1B /* Assets.xcassets in Resources */,
				7F3838552175CCF900FE9D1B /* Main.storyboard in Resources */,
			);
			runOnlyForDeploymentPostprocessing = 0;
		};
		7F38385E2175CCFB00FE9D1B /* Resources */ = {
			isa = PBXResourcesBuildPhase;
			buildActionMask = 2147483647;
			files = (
			);
			runOnlyForDeploymentPostprocessing = 0;
		};
		7F3838692175CCFB00FE9D1B /* Resources */ = {
			isa = PBXResourcesBuildPhase;
			buildActionMask = 2147483647;
			files = (
			);
			runOnlyForDeploymentPostprocessing = 0;
		};
/* End PBXResourcesBuildPhase section */

/* Begin PBXShellScriptBuildPhase section */
		5A412835032E75E7FDFC9E06 /* [CP] Embed Pods Frameworks */ = {
			isa = PBXShellScriptBuildPhase;
			buildActionMask = 2147483647;
			files = (
			);
			inputFileListPaths = (
			);
			inputPaths = (
				"${SRCROOT}/Pods/Target Support Files/Pods-Cinema/Pods-Cinema-frameworks.sh",
				"${BUILT_PRODUCTS_DIR}/Realm/Realm.framework",
				"${BUILT_PRODUCTS_DIR}/RealmSwift/RealmSwift.framework",
			);
			name = "[CP] Embed Pods Frameworks";
			outputFileListPaths = (
			);
			outputPaths = (
				"${TARGET_BUILD_DIR}/${FRAMEWORKS_FOLDER_PATH}/Realm.framework",
				"${TARGET_BUILD_DIR}/${FRAMEWORKS_FOLDER_PATH}/RealmSwift.framework",
			);
			runOnlyForDeploymentPostprocessing = 0;
			shellPath = /bin/sh;
			shellScript = "\"${SRCROOT}/Pods/Target Support Files/Pods-Cinema/Pods-Cinema-frameworks.sh\"\n";
			showEnvVarsInLog = 0;
		};
		93AD646EE99E5D8B0F2FC3BD /* [CP] Check Pods Manifest.lock */ = {
			isa = PBXShellScriptBuildPhase;
			buildActionMask = 2147483647;
			files = (
			);
			inputFileListPaths = (
			);
			inputPaths = (
				"${PODS_PODFILE_DIR_PATH}/Podfile.lock",
				"${PODS_ROOT}/Manifest.lock",
			);
			name = "[CP] Check Pods Manifest.lock";
			outputFileListPaths = (
			);
			outputPaths = (
				"$(DERIVED_FILE_DIR)/Pods-Cinema-checkManifestLockResult.txt",
			);
			runOnlyForDeploymentPostprocessing = 0;
			shellPath = /bin/sh;
			shellScript = "diff \"${PODS_PODFILE_DIR_PATH}/Podfile.lock\" \"${PODS_ROOT}/Manifest.lock\" > /dev/null\nif [ $? != 0 ] ; then\n    # print error to STDERR\n    echo \"error: The sandbox is not in sync with the Podfile.lock. Run 'pod install' or update your CocoaPods installation.\" >&2\n    exit 1\nfi\n# This output is used by Xcode 'outputs' to avoid re-running this script phase.\necho \"SUCCESS\" > \"${SCRIPT_OUTPUT_FILE_0}\"\n";
			showEnvVarsInLog = 0;
		};
/* End PBXShellScriptBuildPhase section */

/* Begin PBXSourcesBuildPhase section */
		7F3838482175CCF900FE9D1B /* Sources */ = {
			isa = PBXSourcesBuildPhase;
			buildActionMask = 2147483647;
			files = (
				962037A42175DA48003015DC /* LoginViewController.swift in Sources */,
				993166722175E1DC00C583C4 /* RealmUtils.swift in Sources */,
				7F3838522175CCF900FE9D1B /* ViewController.swift in Sources */,
				7F3838502175CCF900FE9D1B /* AppDelegate.swift in Sources */,
			);
			runOnlyForDeploymentPostprocessing = 0;
		};
		7F38385C2175CCFB00FE9D1B /* Sources */ = {
			isa = PBXSourcesBuildPhase;
			buildActionMask = 2147483647;
			files = (
				7F3838652175CCFB00FE9D1B /* CinemaTests.swift in Sources */,
			);
			runOnlyForDeploymentPostprocessing = 0;
		};
		7F3838672175CCFB00FE9D1B /* Sources */ = {
			isa = PBXSourcesBuildPhase;
			buildActionMask = 2147483647;
			files = (
				7F3838702175CCFB00FE9D1B /* CinemaUITests.swift in Sources */,
			);
			runOnlyForDeploymentPostprocessing = 0;
		};
/* End PBXSourcesBuildPhase section */

/* Begin PBXTargetDependency section */
		7F3838622175CCFB00FE9D1B /* PBXTargetDependency */ = {
			isa = PBXTargetDependency;
			target = 7F38384B2175CCF900FE9D1B /* Cinema */;
			targetProxy = 7F3838612175CCFB00FE9D1B /* PBXContainerItemProxy */;
		};
		7F38386D2175CCFB00FE9D1B /* PBXTargetDependency */ = {
			isa = PBXTargetDependency;
			target = 7F38384B2175CCF900FE9D1B /* Cinema */;
			targetProxy = 7F38386C2175CCFB00FE9D1B /* PBXContainerItemProxy */;
		};
/* End PBXTargetDependency section */

/* Begin PBXVariantGroup section */
		7F3838532175CCF900FE9D1B /* Main.storyboard */ = {
			isa = PBXVariantGroup;
			children = (
				7F3838542175CCF900FE9D1B /* Base */,
			);
			name = Main.storyboard;
			sourceTree = "<group>";
		};
		7F3838582175CCFB00FE9D1B /* LaunchScreen.storyboard */ = {
			isa = PBXVariantGroup;
			children = (
				7F3838592175CCFB00FE9D1B /* Base */,
			);
			name = LaunchScreen.storyboard;
			sourceTree = "<group>";
		};
/* End PBXVariantGroup section */

/* Begin XCBuildConfiguration section */
		7F3838722175CCFB00FE9D1B /* Debug */ = {
			isa = XCBuildConfiguration;
			buildSettings = {
				ALWAYS_SEARCH_USER_PATHS = NO;
				CLANG_ANALYZER_NONNULL = YES;
				CLANG_ANALYZER_NUMBER_OBJECT_CONVERSION = YES_AGGRESSIVE;
				CLANG_CXX_LANGUAGE_STANDARD = "gnu++14";
				CLANG_CXX_LIBRARY = "libc++";
				CLANG_ENABLE_MODULES = YES;
				CLANG_ENABLE_OBJC_ARC = YES;
				CLANG_ENABLE_OBJC_WEAK = YES;
				CLANG_WARN_BLOCK_CAPTURE_AUTORELEASING = YES;
				CLANG_WARN_BOOL_CONVERSION = YES;
				CLANG_WARN_COMMA = YES;
				CLANG_WARN_CONSTANT_CONVERSION = YES;
				CLANG_WARN_DEPRECATED_OBJC_IMPLEMENTATIONS = YES;
				CLANG_WARN_DIRECT_OBJC_ISA_USAGE = YES_ERROR;
				CLANG_WARN_DOCUMENTATION_COMMENTS = YES;
				CLANG_WARN_EMPTY_BODY = YES;
				CLANG_WARN_ENUM_CONVERSION = YES;
				CLANG_WARN_INFINITE_RECURSION = YES;
				CLANG_WARN_INT_CONVERSION = YES;
				CLANG_WARN_NON_LITERAL_NULL_CONVERSION = YES;
				CLANG_WARN_OBJC_IMPLICIT_RETAIN_SELF = YES;
				CLANG_WARN_OBJC_LITERAL_CONVERSION = YES;
				CLANG_WARN_OBJC_ROOT_CLASS = YES_ERROR;
				CLANG_WARN_RANGE_LOOP_ANALYSIS = YES;
				CLANG_WARN_STRICT_PROTOTYPES = YES;
				CLANG_WARN_SUSPICIOUS_MOVE = YES;
				CLANG_WARN_UNGUARDED_AVAILABILITY = YES_AGGRESSIVE;
				CLANG_WARN_UNREACHABLE_CODE = YES;
				CLANG_WARN__DUPLICATE_METHOD_MATCH = YES;
				CODE_SIGN_IDENTITY = "iPhone Developer";
				COPY_PHASE_STRIP = NO;
				DEBUG_INFORMATION_FORMAT = dwarf;
				ENABLE_STRICT_OBJC_MSGSEND = YES;
				ENABLE_TESTABILITY = YES;
				GCC_C_LANGUAGE_STANDARD = gnu11;
				GCC_DYNAMIC_NO_PIC = NO;
				GCC_NO_COMMON_BLOCKS = YES;
				GCC_OPTIMIZATION_LEVEL = 0;
				GCC_PREPROCESSOR_DEFINITIONS = (
					"DEBUG=1",
					"$(inherited)",
				);
				GCC_WARN_64_TO_32_BIT_CONVERSION = YES;
				GCC_WARN_ABOUT_RETURN_TYPE = YES_ERROR;
				GCC_WARN_UNDECLARED_SELECTOR = YES;
				GCC_WARN_UNINITIALIZED_AUTOS = YES_AGGRESSIVE;
				GCC_WARN_UNUSED_FUNCTION = YES;
				GCC_WARN_UNUSED_VARIABLE = YES;
				IPHONEOS_DEPLOYMENT_TARGET = 12.0;
				MTL_ENABLE_DEBUG_INFO = INCLUDE_SOURCE;
				MTL_FAST_MATH = YES;
				ONLY_ACTIVE_ARCH = YES;
				SDKROOT = iphoneos;
				SWIFT_ACTIVE_COMPILATION_CONDITIONS = DEBUG;
				SWIFT_OPTIMIZATION_LEVEL = "-Onone";
			};
			name = Debug;
		};
		7F3838732175CCFB00FE9D1B /* Release */ = {
			isa = XCBuildConfiguration;
			buildSettings = {
				ALWAYS_SEARCH_USER_PATHS = NO;
				CLANG_ANALYZER_NONNULL = YES;
				CLANG_ANALYZER_NUMBER_OBJECT_CONVERSION = YES_AGGRESSIVE;
				CLANG_CXX_LANGUAGE_STANDARD = "gnu++14";
				CLANG_CXX_LIBRARY = "libc++";
				CLANG_ENABLE_MODULES = YES;
				CLANG_ENABLE_OBJC_ARC = YES;
				CLANG_ENABLE_OBJC_WEAK = YES;
				CLANG_WARN_BLOCK_CAPTURE_AUTORELEASING = YES;
				CLANG_WARN_BOOL_CONVERSION = YES;
				CLANG_WARN_COMMA = YES;
				CLANG_WARN_CONSTANT_CONVERSION = YES;
				CLANG_WARN_DEPRECATED_OBJC_IMPLEMENTATIONS = YES;
				CLANG_WARN_DIRECT_OBJC_ISA_USAGE = YES_ERROR;
				CLANG_WARN_DOCUMENTATION_COMMENTS = YES;
				CLANG_WARN_EMPTY_BODY = YES;
				CLANG_WARN_ENUM_CONVERSION = YES;
				CLANG_WARN_INFINITE_RECURSION = YES;
				CLANG_WARN_INT_CONVERSION = YES;
				CLANG_WARN_NON_LITERAL_NULL_CONVERSION = YES;
				CLANG_WARN_OBJC_IMPLICIT_RETAIN_SELF = YES;
				CLANG_WARN_OBJC_LITERAL_CONVERSION = YES;
				CLANG_WARN_OBJC_ROOT_CLASS = YES_ERROR;
				CLANG_WARN_RANGE_LOOP_ANALYSIS = YES;
				CLANG_WARN_STRICT_PROTOTYPES = YES;
				CLANG_WARN_SUSPICIOUS_MOVE = YES;
				CLANG_WARN_UNGUARDED_AVAILABILITY = YES_AGGRESSIVE;
				CLANG_WARN_UNREACHABLE_CODE = YES;
				CLANG_WARN__DUPLICATE_METHOD_MATCH = YES;
				CODE_SIGN_IDENTITY = "iPhone Developer";
				COPY_PHASE_STRIP = NO;
				DEBUG_INFORMATION_FORMAT = "dwarf-with-dsym";
				ENABLE_NS_ASSERTIONS = NO;
				ENABLE_STRICT_OBJC_MSGSEND = YES;
				GCC_C_LANGUAGE_STANDARD = gnu11;
				GCC_NO_COMMON_BLOCKS = YES;
				GCC_WARN_64_TO_32_BIT_CONVERSION = YES;
				GCC_WARN_ABOUT_RETURN_TYPE = YES_ERROR;
				GCC_WARN_UNDECLARED_SELECTOR = YES;
				GCC_WARN_UNINITIALIZED_AUTOS = YES_AGGRESSIVE;
				GCC_WARN_UNUSED_FUNCTION = YES;
				GCC_WARN_UNUSED_VARIABLE = YES;
				IPHONEOS_DEPLOYMENT_TARGET = 12.0;
				MTL_ENABLE_DEBUG_INFO = NO;
				MTL_FAST_MATH = YES;
				SDKROOT = iphoneos;
				SWIFT_COMPILATION_MODE = wholemodule;
				SWIFT_OPTIMIZATION_LEVEL = "-O";
				VALIDATE_PRODUCT = YES;
			};
			name = Release;
		};
		7F3838752175CCFB00FE9D1B /* Debug */ = {
			isa = XCBuildConfiguration;
			baseConfigurationReference = DD485C7BBE6F7027F23786FB /* Pods-Cinema.debug.xcconfig */;
			buildSettings = {
				ASSETCATALOG_COMPILER_APPICON_NAME = AppIcon;
				CODE_SIGN_STYLE = Automatic;
				INFOPLIST_FILE = Cinema/Info.plist;
				LD_RUNPATH_SEARCH_PATHS = (
					"$(inherited)",
					"@executable_path/Frameworks",
				);
				PRODUCT_BUNDLE_IDENTIFIER = ITS.Cinema;
				PRODUCT_NAME = "$(TARGET_NAME)";
				SWIFT_VERSION = 4.2;
				TARGETED_DEVICE_FAMILY = "1,2";
			};
			name = Debug;
		};
		7F3838762175CCFB00FE9D1B /* Release */ = {
			isa = XCBuildConfiguration;
			baseConfigurationReference = 85D7CF8E2E5A469CB707CF4F /* Pods-Cinema.release.xcconfig */;
			buildSettings = {
				ASSETCATALOG_COMPILER_APPICON_NAME = AppIcon;
				CODE_SIGN_STYLE = Automatic;
				INFOPLIST_FILE = Cinema/Info.plist;
				LD_RUNPATH_SEARCH_PATHS = (
					"$(inherited)",
					"@executable_path/Frameworks",
				);
				PRODUCT_BUNDLE_IDENTIFIER = ITS.Cinema;
				PRODUCT_NAME = "$(TARGET_NAME)";
				SWIFT_VERSION = 4.2;
				TARGETED_DEVICE_FAMILY = "1,2";
			};
			name = Release;
		};
		7F3838782175CCFB00FE9D1B /* Debug */ = {
			isa = XCBuildConfiguration;
			buildSettings = {
				ALWAYS_EMBED_SWIFT_STANDARD_LIBRARIES = YES;
				BUNDLE_LOADER = "$(TEST_HOST)";
				CODE_SIGN_STYLE = Automatic;
				INFOPLIST_FILE = CinemaTests/Info.plist;
				LD_RUNPATH_SEARCH_PATHS = (
					"$(inherited)",
					"@executable_path/Frameworks",
					"@loader_path/Frameworks",
				);
				PRODUCT_BUNDLE_IDENTIFIER = ITS.CinemaTests;
				PRODUCT_NAME = "$(TARGET_NAME)";
				SWIFT_VERSION = 4.2;
				TARGETED_DEVICE_FAMILY = "1,2";
				TEST_HOST = "$(BUILT_PRODUCTS_DIR)/Cinema.app/Cinema";
			};
			name = Debug;
		};
		7F3838792175CCFB00FE9D1B /* Release */ = {
			isa = XCBuildConfiguration;
			buildSettings = {
				ALWAYS_EMBED_SWIFT_STANDARD_LIBRARIES = YES;
				BUNDLE_LOADER = "$(TEST_HOST)";
				CODE_SIGN_STYLE = Automatic;
				INFOPLIST_FILE = CinemaTests/Info.plist;
				LD_RUNPATH_SEARCH_PATHS = (
					"$(inherited)",
					"@executable_path/Frameworks",
					"@loader_path/Frameworks",
				);
				PRODUCT_BUNDLE_IDENTIFIER = ITS.CinemaTests;
				PRODUCT_NAME = "$(TARGET_NAME)";
				SWIFT_VERSION = 4.2;
				TARGETED_DEVICE_FAMILY = "1,2";
				TEST_HOST = "$(BUILT_PRODUCTS_DIR)/Cinema.app/Cinema";
			};
			name = Release;
		};
		7F38387B2175CCFB00FE9D1B /* Debug */ = {
			isa = XCBuildConfiguration;
			buildSettings = {
				ALWAYS_EMBED_SWIFT_STANDARD_LIBRARIES = YES;
				CODE_SIGN_STYLE = Automatic;
				INFOPLIST_FILE = CinemaUITests/Info.plist;
				LD_RUNPATH_SEARCH_PATHS = (
					"$(inherited)",
					"@executable_path/Frameworks",
					"@loader_path/Frameworks",
				);
				PRODUCT_BUNDLE_IDENTIFIER = ITS.CinemaUITests;
				PRODUCT_NAME = "$(TARGET_NAME)";
				SWIFT_VERSION = 4.2;
				TARGETED_DEVICE_FAMILY = "1,2";
				TEST_TARGET_NAME = Cinema;
			};
			name = Debug;
		};
		7F38387C2175CCFB00FE9D1B /* Release */ = {
			isa = XCBuildConfiguration;
			buildSettings = {
				ALWAYS_EMBED_SWIFT_STANDARD_LIBRARIES = YES;
				CODE_SIGN_STYLE = Automatic;
				INFOPLIST_FILE = CinemaUITests/Info.plist;
				LD_RUNPATH_SEARCH_PATHS = (
					"$(inherited)",
					"@executable_path/Frameworks",
					"@loader_path/Frameworks",
				);
				PRODUCT_BUNDLE_IDENTIFIER = ITS.CinemaUITests;
				PRODUCT_NAME = "$(TARGET_NAME)";
				SWIFT_VERSION = 4.2;
				TARGETED_DEVICE_FAMILY = "1,2";
				TEST_TARGET_NAME = Cinema;
			};
			name = Release;
		};
/* End XCBuildConfiguration section */

/* Begin XCConfigurationList section */
		7F3838472175CCF900FE9D1B /* Build configuration list for PBXProject "Cinema" */ = {
			isa = XCConfigurationList;
			buildConfigurations = (
				7F3838722175CCFB00FE9D1B /* Debug */,
				7F3838732175CCFB00FE9D1B /* Release */,
			);
			defaultConfigurationIsVisible = 0;
			defaultConfigurationName = Release;
		};
		7F3838742175CCFB00FE9D1B /* Build configuration list for PBXNativeTarget "Cinema" */ = {
			isa = XCConfigurationList;
			buildConfigurations = (
				7F3838752175CCFB00FE9D1B /* Debug */,
				7F3838762175CCFB00FE9D1B /* Release */,
			);
			defaultConfigurationIsVisible = 0;
			defaultConfigurationName = Release;
		};
		7F3838772175CCFB00FE9D1B /* Build configuration list for PBXNativeTarget "CinemaTests" */ = {
			isa = XCConfigurationList;
			buildConfigurations = (
				7F3838782175CCFB00FE9D1B /* Debug */,
				7F3838792175CCFB00FE9D1B /* Release */,
			);
			defaultConfigurationIsVisible = 0;
			defaultConfigurationName = Release;
		};
		7F38387A2175CCFB00FE9D1B /* Build configuration list for PBXNativeTarget "CinemaUITests" */ = {
			isa = XCConfigurationList;
			buildConfigurations = (
				7F38387B2175CCFB00FE9D1B /* Debug */,
				7F38387C2175CCFB00FE9D1B /* Release */,
			);
			defaultConfigurationIsVisible = 0;
			defaultConfigurationName = Release;
		};
/* End XCConfigurationList section */
	};
	rootObject = 7F3838442175CCF900FE9D1B /* Project object */;
}
